// !$*UTF8*$!
{
	archiveVersion = 1;
	classes = {
	};
	objectVersion = 46;
	objects = {

/* Begin PBXBuildFile section */
		56953E4418F22C7600A9A8EE /* Foundation.framework in Frameworks */ = {isa = PBXBuildFile; fileRef = 56953E4318F22C7600A9A8EE /* Foundation.framework */; };
		56953E4618F22C7600A9A8EE /* CoreGraphics.framework in Frameworks */ = {isa = PBXBuildFile; fileRef = 56953E4518F22C7600A9A8EE /* CoreGraphics.framework */; };
		56953E4818F22C7600A9A8EE /* UIKit.framework in Frameworks */ = {isa = PBXBuildFile; fileRef = 56953E4718F22C7600A9A8EE /* UIKit.framework */; };
		56953E4A18F22C7600A9A8EE /* CoreData.framework in Frameworks */ = {isa = PBXBuildFile; fileRef = 56953E4918F22C7600A9A8EE /* CoreData.framework */; };
		56953E5018F22C7600A9A8EE /* InfoPlist.strings in Resources */ = {isa = PBXBuildFile; fileRef = 56953E4E18F22C7600A9A8EE /* InfoPlist.strings */; };
		56953E5218F22C7600A9A8EE /* main.m in Sources */ = {isa = PBXBuildFile; fileRef = 56953E5118F22C7600A9A8EE /* main.m */; };
		56953E5618F22C7600A9A8EE /* CCFAppDelegate.m in Sources */ = {isa = PBXBuildFile; fileRef = 56953E5518F22C7600A9A8EE /* CCFAppDelegate.m */; };
		56953E5918F22C7600A9A8EE /* CoreDataSampleApp.xcdatamodeld in Sources */ = {isa = PBXBuildFile; fileRef = 56953E5718F22C7600A9A8EE /* CoreDataSampleApp.xcdatamodeld */; };
		56953E5B18F22C7600A9A8EE /* Images.xcassets in Resources */ = {isa = PBXBuildFile; fileRef = 56953E5A18F22C7600A9A8EE /* Images.xcassets */; };
		56953E6218F22C7600A9A8EE /* XCTest.framework in Frameworks */ = {isa = PBXBuildFile; fileRef = 56953E6118F22C7600A9A8EE /* XCTest.framework */; };
		56953E6318F22C7600A9A8EE /* Foundation.framework in Frameworks */ = {isa = PBXBuildFile; fileRef = 56953E4318F22C7600A9A8EE /* Foundation.framework */; };
		56953E6418F22C7600A9A8EE /* UIKit.framework in Frameworks */ = {isa = PBXBuildFile; fileRef = 56953E4718F22C7600A9A8EE /* UIKit.framework */; };
		56953E6518F22C7600A9A8EE /* CoreData.framework in Frameworks */ = {isa = PBXBuildFile; fileRef = 56953E4918F22C7600A9A8EE /* CoreData.framework */; };
		56953E6D18F22C7600A9A8EE /* InfoPlist.strings in Resources */ = {isa = PBXBuildFile; fileRef = 56953E6B18F22C7600A9A8EE /* InfoPlist.strings */; };
		56953E6F18F22C7600A9A8EE /* CoreDataSampleAppTests.m in Sources */ = {isa = PBXBuildFile; fileRef = 56953E6E18F22C7600A9A8EE /* CoreDataSampleAppTests.m */; };
/* End PBXBuildFile section */

/* Begin PBXContainerItemProxy section */
		56953E6618F22C7600A9A8EE /* PBXContainerItemProxy */ = {
			isa = PBXContainerItemProxy;
			containerPortal = 56953E3818F22C7600A9A8EE /* Project object */;
			proxyType = 1;
			remoteGlobalIDString = 56953E3F18F22C7600A9A8EE;
			remoteInfo = CoreDataSampleApp;
		};
/* End PBXContainerItemProxy section */

/* Begin PBXFileReference section */
		56953E4018F22C7600A9A8EE /* CoreDataSampleApp.app */ = {isa = PBXFileReference; explicitFileType = wrapper.application; includeInIndex = 0; path = CoreDataSampleApp.app; sourceTree = BUILT_PRODUCTS_DIR; };
		56953E4318F22C7600A9A8EE /* Foundation.framework */ = {isa = PBXFileReference; lastKnownFileType = wrapper.framework; name = Foundation.framework; path = System/Library/Frameworks/Foundation.framework; sourceTree = SDKROOT; };
		56953E4518F22C7600A9A8EE /* CoreGraphics.framework */ = {isa = PBXFileReference; lastKnownFileType = wrapper.framework; name = CoreGraphics.framework; path = System/Library/Frameworks/CoreGraphics.framework; sourceTree = SDKROOT; };
		56953E4718F22C7600A9A8EE /* UIKit.framework */ = {isa = PBXFileReference; lastKnownFileType = wrapper.framework; name = UIKit.framework; path = System/Library/Frameworks/UIKit.framework; sourceTree = SDKROOT; };
		56953E4918F22C7600A9A8EE /* CoreData.framework */ = {isa = PBXFileReference; lastKnownFileType = wrapper.framework; name = CoreData.framework; path = System/Library/Frameworks/CoreData.framework; sourceTree = SDKROOT; };
		56953E4D18F22C7600A9A8EE /* CoreDataSampleApp-Info.plist */ = {isa = PBXFileReference; lastKnownFileType = text.plist.xml; path = "CoreDataSampleApp-Info.plist"; sourceTree = "<group>"; };
		56953E4F18F22C7600A9A8EE /* en */ = {isa = PBXFileReference; lastKnownFileType = text.plist.strings; name = en; path = en.lproj/InfoPlist.strings; sourceTree = "<group>"; };
		56953E5118F22C7600A9A8EE /* main.m */ = {isa = PBXFileReference; lastKnownFileType = sourcecode.c.objc; path = main.m; sourceTree = "<group>"; };
		56953E5318F22C7600A9A8EE /* CoreDataSampleApp-Prefix.pch */ = {isa = PBXFileReference; lastKnownFileType = sourcecode.c.h; path = "CoreDataSampleApp-Prefix.pch"; sourceTree = "<group>"; };
		56953E5418F22C7600A9A8EE /* CCFAppDelegate.h */ = {isa = PBXFileReference; lastKnownFileType = sourcecode.c.h; path = CCFAppDelegate.h; sourceTree = "<group>"; };
		56953E5518F22C7600A9A8EE /* CCFAppDelegate.m */ = {isa = PBXFileReference; lastKnownFileType = sourcecode.c.objc; path = CCFAppDelegate.m; sourceTree = "<group>"; };
		56953E5818F22C7600A9A8EE /* CoreDataSampleApp.xcdatamodel */ = {isa = PBXFileReference; lastKnownFileType = wrapper.xcdatamodel; path = CoreDataSampleApp.xcdatamodel; sourceTree = "<group>"; };
		56953E5A18F22C7600A9A8EE /* Images.xcassets */ = {isa = PBXFileReference; lastKnownFileType = folder.assetcatalog; path = Images.xcassets; sourceTree = "<group>"; };
		56953E6018F22C7600A9A8EE /* CoreDataSampleAppTests.xctest */ = {isa = PBXFileReference; explicitFileType = wrapper.cfbundle; includeInIndex = 0; path = CoreDataSampleAppTests.xctest; sourceTree = BUILT_PRODUCTS_DIR; };
		56953E6118F22C7600A9A8EE /* XCTest.framework */ = {isa = PBXFileReference; lastKnownFileType = wrapper.framework; name = XCTest.framework; path = Library/Frameworks/XCTest.framework; sourceTree = DEVELOPER_DIR; };
		56953E6A18F22C7600A9A8EE /* CoreDataSampleAppTests-Info.plist */ = {isa = PBXFileReference; lastKnownFileType = text.plist.xml; path = "CoreDataSampleAppTests-Info.plist"; sourceTree = "<group>"; };
		56953E6C18F22C7600A9A8EE /* en */ = {isa = PBXFileReference; lastKnownFileType = text.plist.strings; name = en; path = en.lproj/InfoPlist.strings; sourceTree = "<group>"; };
		56953E6E18F22C7600A9A8EE /* CoreDataSampleAppTests.m */ = {isa = PBXFileReference; lastKnownFileType = sourcecode.c.objc; path = CoreDataSampleAppTests.m; sourceTree = "<group>"; };
/* End PBXFileReference section */

/* Begin PBXFrameworksBuildPhase section */
		56953E3D18F22C7600A9A8EE /* Frameworks */ = {
			isa = PBXFrameworksBuildPhase;
			buildActionMask = 2147483647;
			files = (
				56953E4618F22C7600A9A8EE /* CoreGraphics.framework in Frameworks */,
				56953E4A18F22C7600A9A8EE /* CoreData.framework in Frameworks */,
				56953E4818F22C7600A9A8EE /* UIKit.framework in Frameworks */,
				56953E4418F22C7600A9A8EE /* Foundation.framework in Frameworks */,
			);
			runOnlyForDeploymentPostprocessing = 0;
		};
		56953E5D18F22C7600A9A8EE /* Frameworks */ = {
			isa = PBXFrameworksBuildPhase;
			buildActionMask = 2147483647;
			files = (
				56953E6218F22C7600A9A8EE /* XCTest.framework in Frameworks */,
				56953E6518F22C7600A9A8EE /* CoreData.framework in Frameworks */,
				56953E6418F22C7600A9A8EE /* UIKit.framework in Frameworks */,
				56953E6318F22C7600A9A8EE /* Foundation.framework in Frameworks */,
			);
			runOnlyForDeploymentPostprocessing = 0;
		};
/* End PBXFrameworksBuildPhase section */

/* Begin PBXGroup section */
		56953E3718F22C7600A9A8EE = {
			isa = PBXGroup;
			children = (
				56953E4B18F22C7600A9A8EE /* CoreDataSampleApp */,
				56953E6818F22C7600A9A8EE /* CoreDataSampleAppTests */,
				56953E4218F22C7600A9A8EE /* Frameworks */,
				56953E4118F22C7600A9A8EE /* Products */,
			);
			sourceTree = "<group>";
		};
		56953E4118F22C7600A9A8EE /* Products */ = {
			isa = PBXGroup;
			children = (
				56953E4018F22C7600A9A8EE /* CoreDataSampleApp.app */,
				56953E6018F22C7600A9A8EE /* CoreDataSampleAppTests.xctest */,
			);
			name = Products;
			sourceTree = "<group>";
		};
		56953E4218F22C7600A9A8EE /* Frameworks */ = {
			isa = PBXGroup;
			children = (
				56953E4318F22C7600A9A8EE /* Foundation.framework */,
				56953E4518F22C7600A9A8EE /* CoreGraphics.framework */,
				56953E4718F22C7600A9A8EE /* UIKit.framework */,
				56953E4918F22C7600A9A8EE /* CoreData.framework */,
				56953E6118F22C7600A9A8EE /* XCTest.framework */,
			);
			name = Frameworks;
			sourceTree = "<group>";
		};
		56953E4B18F22C7600A9A8EE /* CoreDataSampleApp */ = {
			isa = PBXGroup;
			children = (
				56953E5418F22C7600A9A8EE /* CCFAppDelegate.h */,
				56953E5518F22C7600A9A8EE /* CCFAppDelegate.m */,
				56953E5A18F22C7600A9A8EE /* Images.xcassets */,
				56953E5718F22C7600A9A8EE /* CoreDataSampleApp.xcdatamodeld */,
				56953E4C18F22C7600A9A8EE /* Supporting Files */,
			);
			path = CoreDataSampleApp;
			sourceTree = "<group>";
		};
		56953E4C18F22C7600A9A8EE /* Supporting Files */ = {
			isa = PBXGroup;
			children = (
				56953E4D18F22C7600A9A8EE /* CoreDataSampleApp-Info.plist */,
				56953E4E18F22C7600A9A8EE /* InfoPlist.strings */,
				56953E5118F22C7600A9A8EE /* main.m */,
				56953E5318F22C7600A9A8EE /* CoreDataSampleApp-Prefix.pch */,
			);
			name = "Supporting Files";
			sourceTree = "<group>";
		};
		56953E6818F22C7600A9A8EE /* CoreDataSampleAppTests */ = {
			isa = PBXGroup;
			children = (
				56953E6E18F22C7600A9A8EE /* CoreDataSampleAppTests.m */,
				56953E6918F22C7600A9A8EE /* Supporting Files */,
			);
			path = CoreDataSampleAppTests;
			sourceTree = "<group>";
		};
		56953E6918F22C7600A9A8EE /* Supporting Files */ = {
			isa = PBXGroup;
			children = (
				56953E6A18F22C7600A9A8EE /* CoreDataSampleAppTests-Info.plist */,
				56953E6B18F22C7600A9A8EE /* InfoPlist.strings */,
			);
			name = "Supporting Files";
			sourceTree = "<group>";
		};
/* End PBXGroup section */

/* Begin PBXNativeTarget section */
		56953E3F18F22C7600A9A8EE /* CoreDataSampleApp */ = {
			isa = PBXNativeTarget;
			buildConfigurationList = 56953E7218F22C7600A9A8EE /* Build configuration list for PBXNativeTarget "CoreDataSampleApp" */;
			buildPhases = (
				56953E3C18F22C7600A9A8EE /* Sources */,
				56953E3D18F22C7600A9A8EE /* Frameworks */,
				56953E3E18F22C7600A9A8EE /* Resources */,
			);
			buildRules = (
			);
			dependencies = (
			);
			name = CoreDataSampleApp;
			productName = CoreDataSampleApp;
			productReference = 56953E4018F22C7600A9A8EE /* CoreDataSampleApp.app */;
			productType = "com.apple.product-type.application";
		};
		56953E5F18F22C7600A9A8EE /* CoreDataSampleAppTests */ = {
			isa = PBXNativeTarget;
			buildConfigurationList = 56953E7518F22C7600A9A8EE /* Build configuration list for PBXNativeTarget "CoreDataSampleAppTests" */;
			buildPhases = (
				56953E5C18F22C7600A9A8EE /* Sources */,
				56953E5D18F22C7600A9A8EE /* Frameworks */,
				56953E5E18F22C7600A9A8EE /* Resources */,
			);
			buildRules = (
			);
			dependencies = (
				56953E6718F22C7600A9A8EE /* PBXTargetDependency */,
			);
			name = CoreDataSampleAppTests;
			productName = CoreDataSampleAppTests;
			productReference = 56953E6018F22C7600A9A8EE /* CoreDataSampleAppTests.xctest */;
			productType = "com.apple.product-type.bundle.unit-test";
		};
/* End PBXNativeTarget section */

/* Begin PBXProject section */
		56953E3818F22C7600A9A8EE /* Project object */ = {
			isa = PBXProject;
			attributes = {
				CLASSPREFIX = CCF;
				LastUpgradeCheck = 0500;
				ORGANIZATIONNAME = "Cocoa Factory";
				TargetAttributes = {
					56953E5F18F22C7600A9A8EE = {
						TestTargetID = 56953E3F18F22C7600A9A8EE;
					};
				};
			};
			buildConfigurationList = 56953E3B18F22C7600A9A8EE /* Build configuration list for PBXProject "CoreDataSampleApp" */;
			compatibilityVersion = "Xcode 3.2";
			developmentRegion = English;
			hasScannedForEncodings = 0;
			knownRegions = (
				en,
			);
			mainGroup = 56953E3718F22C7600A9A8EE;
			productRefGroup = 56953E4118F22C7600A9A8EE /* Products */;
			projectDirPath = "";
			projectRoot = "";
			targets = (
				56953E3F18F22C7600A9A8EE /* CoreDataSampleApp */,
				56953E5F18F22C7600A9A8EE /* CoreDataSampleAppTests */,
			);
		};
/* End PBXProject section */

/* Begin PBXResourcesBuildPhase section */
		56953E3E18F22C7600A9A8EE /* Resources */ = {
			isa = PBXResourcesBuildPhase;
			buildActionMask = 2147483647;
			files = (
				56953E5018F22C7600A9A8EE /* InfoPlist.strings in Resources */,
				56953E5B18F22C7600A9A8EE /* Images.xcassets in Resources */,
			);
			runOnlyForDeploymentPostprocessing = 0;
		};
		56953E5E18F22C7600A9A8EE /* Resources */ = {
			isa = PBXResourcesBuildPhase;
			buildActionMask = 2147483647;
			files = (
				56953E6D18F22C7600A9A8EE /* InfoPlist.strings in Resources */,
			);
			runOnlyForDeploymentPostprocessing = 0;
		};
/* End PBXResourcesBuildPhase section */

/* Begin PBXSourcesBuildPhase section */
		56953E3C18F22C7600A9A8EE /* Sources */ = {
			isa = PBXSourcesBuildPhase;
			buildActionMask = 2147483647;
			files = (
				56953E5918F22C7600A9A8EE /* CoreDataSampleApp.xcdatamodeld in Sources */,
				56953E5218F22C7600A9A8EE /* main.m in Sources */,
				56953E5618F22C7600A9A8EE /* CCFAppDelegate.m in Sources */,
			);
			runOnlyForDeploymentPostprocessing = 0;
		};
		56953E5C18F22C7600A9A8EE /* Sources */ = {
			isa = PBXSourcesBuildPhase;
			buildActionMask = 2147483647;
			files = (
				56953E6F18F22C7600A9A8EE /* CoreDataSampleAppTests.m in Sources */,
			);
			runOnlyForDeploymentPostprocessing = 0;
		};
/* End PBXSourcesBuildPhase section */

/* Begin PBXTargetDependency section */
		56953E6718F22C7600A9A8EE /* PBXTargetDependency */ = {
			isa = PBXTargetDependency;
			target = 56953E3F18F22C7600A9A8EE /* CoreDataSampleApp */;
			targetProxy = 56953E6618F22C7600A9A8EE /* PBXContainerItemProxy */;
		};
/* End PBXTargetDependency section */

/* Begin PBXVariantGroup section */
		56953E4E18F22C7600A9A8EE /* InfoPlist.strings */ = {
			isa = PBXVariantGroup;
			children = (
				56953E4F18F22C7600A9A8EE /* en */,
			);
			name = InfoPlist.strings;
			sourceTree = "<group>";
		};
		56953E6B18F22C7600A9A8EE /* InfoPlist.strings */ = {
			isa = PBXVariantGroup;
			children = (
				56953E6C18F22C7600A9A8EE /* en */,
			);
			name = InfoPlist.strings;
			sourceTree = "<group>";
		};
/* End PBXVariantGroup section */

/* Begin XCBuildConfiguration section */
		56953E7018F22C7600A9A8EE /* Debug */ = {
			isa = XCBuildConfiguration;
			buildSettings = {
				ALWAYS_SEARCH_USER_PATHS = NO;
				ARCHS = "$(ARCHS_STANDARD_INCLUDING_64_BIT)";
				CLANG_CXX_LANGUAGE_STANDARD = "gnu++0x";
				CLANG_CXX_LIBRARY = "libc++";
				CLANG_ENABLE_MODULES = YES;
				CLANG_ENABLE_OBJC_ARC = YES;
				CLANG_WARN_BOOL_CONVERSION = YES;
				CLANG_WARN_CONSTANT_CONVERSION = YES;
				CLANG_WARN_DIRECT_OBJC_ISA_USAGE = YES_ERROR;
				CLANG_WARN_EMPTY_BODY = YES;
				CLANG_WARN_ENUM_CONVERSION = YES;
				CLANG_WARN_INT_CONVERSION = YES;
				CLANG_WARN_OBJC_ROOT_CLASS = YES_ERROR;
				CLANG_WARN__DUPLICATE_METHOD_MATCH = YES;
				"CODE_SIGN_IDENTITY[sdk=iphoneos*]" = "iPhone Developer";
				COPY_PHASE_STRIP = NO;
				GCC_C_LANGUAGE_STANDARD = gnu99;
				GCC_DYNAMIC_NO_PIC = NO;
				GCC_OPTIMIZATION_LEVEL = 0;
				GCC_PREPROCESSOR_DEFINITIONS = (
					"DEBUG=1",
					"$(inherited)",
				);
				GCC_SYMBOLS_PRIVATE_EXTERN = NO;
				GCC_WARN_64_TO_32_BIT_CONVERSION = YES;
				GCC_WARN_ABOUT_RETURN_TYPE = YES_ERROR;
				GCC_WARN_UNDECLARED_SELECTOR = YES;
				GCC_WARN_UNINITIALIZED_AUTOS = YES;
				GCC_WARN_UNUSED_FUNCTION = YES;
				GCC_WARN_UNUSED_VARIABLE = YES;
				IPHONEOS_DEPLOYMENT_TARGET = 7.0;
				ONLY_ACTIVE_ARCH = YES;
				SDKROOT = iphoneos;
			};
			name = Debug;
		};
		56953E7118F22C7600A9A8EE /* Release */ = {
			isa = XCBuildConfiguration;
			buildSettings = {
				ALWAYS_SEARCH_USER_PATHS = NO;
				ARCHS = "$(ARCHS_STANDARD_INCLUDING_64_BIT)";
				CLANG_CXX_LANGUAGE_STANDARD = "gnu++0x";
				CLANG_CXX_LIBRARY = "libc++";
				CLANG_ENABLE_MODULES = YES;
				CLANG_ENABLE_OBJC_ARC = YES;
				CLANG_WARN_BOOL_CONVERSION = YES;
				CLANG_WARN_CONSTANT_CONVERSION = YES;
				CLANG_WARN_DIRECT_OBJC_ISA_USAGE = YES_ERROR;
				CLANG_WARN_EMPTY_BODY = YES;
				CLANG_WARN_ENUM_CONVERSION = YES;
				CLANG_WARN_INT_CONVERSION = YES;
				CLANG_WARN_OBJC_ROOT_CLASS = YES_ERROR;
				CLANG_WARN__DUPLICATE_METHOD_MATCH = YES;
				"CODE_SIGN_IDENTITY[sdk=iphoneos*]" = "iPhone Developer";
				COPY_PHASE_STRIP = YES;
				ENABLE_NS_ASSERTIONS = NO;
				GCC_C_LANGUAGE_STANDARD = gnu99;
				GCC_WARN_64_TO_32_BIT_CONVERSION = YES;
				GCC_WARN_ABOUT_RETURN_TYPE = YES_ERROR;
				GCC_WARN_UNDECLARED_SELECTOR = YES;
				GCC_WARN_UNINITIALIZED_AUTOS = YES;
				GCC_WARN_UNUSED_FUNCTION = YES;
				GCC_WARN_UNUSED_VARIABLE = YES;
				IPHONEOS_DEPLOYMENT_TARGET = 7.0;
				SDKROOT = iphoneos;
				VALIDATE_PRODUCT = YES;
			};
			name = Release;
		};
		56953E7318F22C7600A9A8EE /* Debug */ = {
			isa = XCBuildConfiguration;
			buildSettings = {
				ASSETCATALOG_COMPILER_APPICON_NAME = AppIcon;
				ASSETCATALOG_COMPILER_LAUNCHIMAGE_NAME = LaunchImage;
				GCC_PRECOMPILE_PREFIX_HEADER = YES;
				GCC_PREFIX_HEADER = "CoreDataSampleApp/CoreDataSampleApp-Prefix.pch";
				INFOPLIST_FILE = "CoreDataSampleApp/CoreDataSampleApp-Info.plist";
				PRODUCT_NAME = "$(TARGET_NAME)";
				WRAPPER_EXTENSION = app;
			};
			name = Debug;
		};
		56953E7418F22C7600A9A8EE /* Release */ = {
			isa = XCBuildConfiguration;
			buildSettings = {
				ASSETCATALOG_COMPILER_APPICON_NAME = AppIcon;
				ASSETCATALOG_COMPILER_LAUNCHIMAGE_NAME = LaunchImage;
				GCC_PRECOMPILE_PREFIX_HEADER = YES;
				GCC_PREFIX_HEADER = "CoreDataSampleApp/CoreDataSampleApp-Prefix.pch";
				INFOPLIST_FILE = "CoreDataSampleApp/CoreDataSampleApp-Info.plist";
				PRODUCT_NAME = "$(TARGET_NAME)";
				WRAPPER_EXTENSION = app;
			};
			name = Release;
		};
		56953E7618F22C7600A9A8EE /* Debug */ = {
			isa = XCBuildConfiguration;
			buildSettings = {
				ARCHS = "$(ARCHS_STANDARD_INCLUDING_64_BIT)";
				BUNDLE_LOADER = "$(BUILT_PRODUCTS_DIR)/CoreDataSampleApp.app/CoreDataSampleApp";
				FRAMEWORK_SEARCH_PATHS = (
					"$(SDKROOT)/Developer/Library/Frameworks",
					"$(inherited)",
					"$(DEVELOPER_FRAMEWORKS_DIR)",
				);
				GCC_PRECOMPILE_PREFIX_HEADER = YES;
				GCC_PREFIX_HEADER = "CoreDataSampleApp/CoreDataSampleApp-Prefix.pch";
				GCC_PREPROCESSOR_DEFINITIONS = (
					"DEBUG=1",
					"$(inherited)",
				);
				INFOPLIST_FILE = "CoreDataSampleAppTests/CoreDataSampleAppTests-Info.plist";
				PRODUCT_NAME = "$(TARGET_NAME)";
				TEST_HOST = "$(BUNDLE_LOADER)";
				WRAPPER_EXTENSION = xctest;
			};
			name = Debug;
		};
		56953E7718F22C7600A9A8EE /* Release */ = {
			isa = XCBuildConfiguration;
			buildSettings = {
				ARCHS = "$(ARCHS_STANDARD_INCLUDING_64_BIT)";
				BUNDLE_LOADER = "$(BUILT_PRODUCTS_DIR)/CoreDataSampleApp.app/CoreDataSampleApp";
				FRAMEWORK_SEARCH_PATHS = (
					"$(SDKROOT)/Developer/Library/Frameworks",
					"$(inherited)",
					"$(DEVELOPER_FRAMEWORKS_DIR)",
				);
				GCC_PRECOMPILE_PREFIX_HEADER = YES;
				GCC_PREFIX_HEADER = "CoreDataSampleApp/CoreDataSampleApp-Prefix.pch";
				INFOPLIST_FILE = "CoreDataSampleAppTests/CoreDataSampleAppTests-Info.plist";
				PRODUCT_NAME = "$(TARGET_NAME)";
				TEST_HOST = "$(BUNDLE_LOADER)";
				WRAPPER_EXTENSION = xctest;
			};
			name = Release;
		};
/* End XCBuildConfiguration section */

/* Begin XCConfigurationList section */
		56953E3B18F22C7600A9A8EE /* Build configuration list for PBXProject "CoreDataSampleApp" */ = {
			isa = XCConfigurationList;
			buildConfigurations = (
				56953E7018F22C7600A9A8EE /* Debug */,
				56953E7118F22C7600A9A8EE /* Release */,
			);
			defaultConfigurationIsVisible = 0;
			defaultConfigurationName = Release;
		};
		56953E7218F22C7600A9A8EE /* Build configuration list for PBXNativeTarget "CoreDataSampleApp" */ = {
			isa = XCConfigurationList;
			buildConfigurations = (
				56953E7318F22C7600A9A8EE /* Debug */,
				56953E7418F22C7600A9A8EE /* Release */,
			);
			defaultConfigurationIsVisible = 0;
		};
		56953E7518F22C7600A9A8EE /* Build configuration list for PBXNativeTarget "CoreDataSampleAppTests" */ = {
			isa = XCConfigurationList;
			buildConfigurations = (
				56953E7618F22C7600A9A8EE /* Debug */,
				56953E7718F22C7600A9A8EE /* Release */,
			);
			defaultConfigurationIsVisible = 0;
		};
/* End XCConfigurationList section */

/* Begin XCVersionGroup section */
		56953E5718F22C7600A9A8EE /* CoreDataSampleApp.xcdatamodeld */ = {
			isa = XCVersionGroup;
			children = (
				56953E5818F22C7600A9A8EE /* CoreDataSampleApp.xcdatamodel */,
			);
			currentVersion = 56953E5818F22C7600A9A8EE /* CoreDataSampleApp.xcdatamodel */;
			path = CoreDataSampleApp.xcdatamodeld;
			sourceTree = "<group>";
			versionGroupType = wrapper.xcdatamodel;
		};
/* End XCVersionGroup section */
	};
	rootObject = 56953E3818F22C7600A9A8EE /* Project object */;
}
